
Microsoft Visual Studio Solution File, Format Version 12.00
# Visual Studio Version 16
VisualStudioVersion = 16.0.31424.327
MinimumVisualStudioVersion = 10.0.40219.1
Project("{FAE04EC0-301F-11D3-BF4B-00C04F79EFBC}") = "DesafioPubFuture", "DesafioPubFuture.csproj", "{BAB8DDF2-8DD2-445E-B980-42BFC7D0D88E}"
EndProject
Global
	GlobalSection(SolutionConfigurationPlatforms) = preSolution
		Debug|Any CPU = Debug|Any CPU
		Release|Any CPU = Release|Any CPU
	EndGlobalSection
	GlobalSection(ProjectConfigurationPlatforms) = postSolution
		{BAB8DDF2-8DD2-445E-B980-42BFC7D0D88E}.Debug|Any CPU.ActiveCfg = Debug|Any CPU
		{BAB8DDF2-8DD2-445E-B980-42BFC7D0D88E}.Debug|Any CPU.Build.0 = Debug|Any CPU
		{BAB8DDF2-8DD2-445E-B980-42BFC7D0D88E}.Release|Any CPU.ActiveCfg = Release|Any CPU
		{BAB8DDF2-8DD2-445E-B980-42BFC7D0D88E}.Release|Any CPU.Build.0 = Release|Any CPU
	EndGlobalSection
	GlobalSection(SolutionProperties) = preSolution
		HideSolutionNode = FALSE
	EndGlobalSection
	GlobalSection(ExtensibilityGlobals) = postSolution
		SolutionGuid = {B79D7047-11A2-4118-A81B-AC50EDC56F84}
	EndGlobalSection
EndGlobal
